
Microsoft Visual Studio Solution File, Format Version 12.00
# Visual Studio Version 17
VisualStudioVersion = 17.2.32602.215
MinimumVisualStudioVersion = 10.0.40219.1
Project("{FAE04EC0-301F-11D3-BF4B-00C04F79EFBC}") = "TransportationApp", "TransportationApp\TransportationApp.csproj", "{18653146-8EE4-477E-B1F4-A32F93EC4B4C}"
EndProject
Global
	GlobalSection(SolutionConfigurationPlatforms) = preSolution
		Debug|Any CPU = Debug|Any CPU
		Release|Any CPU = Release|Any CPU
	EndGlobalSection
	GlobalSection(ProjectConfigurationPlatforms) = postSolution
		{18653146-8EE4-477E-B1F4-A32F93EC4B4C}.Debug|Any CPU.ActiveCfg = Debug|Any CPU
		{18653146-8EE4-477E-B1F4-A32F93EC4B4C}.Debug|Any CPU.Build.0 = Debug|Any CPU
		{18653146-8EE4-477E-B1F4-A32F93EC4B4C}.Release|Any CPU.ActiveCfg = Release|Any CPU
		{18653146-8EE4-477E-B1F4-A32F93EC4B4C}.Release|Any CPU.Build.0 = Release|Any CPU
	EndGlobalSection
	GlobalSection(SolutionProperties) = preSolution
		HideSolutionNode = FALSE
	EndGlobalSection
	GlobalSection(ExtensibilityGlobals) = postSolution
		SolutionGuid = {D4813360-E0B8-48D4-A88E-80A105CF458B}
	EndGlobalSection
EndGlobal
